
Microsoft Visual Studio Solution File, Format Version 12.00
# Visual Studio Version 16
VisualStudioVersion = 16.0.31129.286
MinimumVisualStudioVersion = 10.0.40219.1
Project("{FAE04EC0-301F-11D3-BF4B-00C04F79EFBC}") = "Musical Course", "Musical Course\Musical Course.csproj", "{1B3325B3-5527-4C90-9238-8A4188D21E4F}"
EndProject
Project("{9A19103F-16F7-4668-BE54-9A1E7A4F7556}") = "LibraryTest", "LibraryTest\LibraryTest.csproj", "{3766FD07-B98E-4901-8331-242DF7D8465D}"
EndProject
Project("{9A19103F-16F7-4668-BE54-9A1E7A4F7556}") = "ProjectTest", "ProjectTest\ProjectTest.csproj", "{9882F2CA-EE84-4FAD-968C-FAF6451B8A4A}"
EndProject
Global
	GlobalSection(SolutionConfigurationPlatforms) = preSolution
		Debug|Any CPU = Debug|Any CPU
		Release|Any CPU = Release|Any CPU
	EndGlobalSection
	GlobalSection(ProjectConfigurationPlatforms) = postSolution
		{1B3325B3-5527-4C90-9238-8A4188D21E4F}.Debug|Any CPU.ActiveCfg = Debug|Any CPU
		{1B3325B3-5527-4C90-9238-8A4188D21E4F}.Debug|Any CPU.Build.0 = Debug|Any CPU
		{1B3325B3-5527-4C90-9238-8A4188D21E4F}.Release|Any CPU.ActiveCfg = Release|Any CPU
		{1B3325B3-5527-4C90-9238-8A4188D21E4F}.Release|Any CPU.Build.0 = Release|Any CPU
		{3766FD07-B98E-4901-8331-242DF7D8465D}.Debug|Any CPU.ActiveCfg = Debug|Any CPU
		{3766FD07-B98E-4901-8331-242DF7D8465D}.Debug|Any CPU.Build.0 = Debug|Any CPU
		{3766FD07-B98E-4901-8331-242DF7D8465D}.Release|Any CPU.ActiveCfg = Release|Any CPU
		{3766FD07-B98E-4901-8331-242DF7D8465D}.Release|Any CPU.Build.0 = Release|Any CPU
		{9882F2CA-EE84-4FAD-968C-FAF6451B8A4A}.Debug|Any CPU.ActiveCfg = Debug|Any CPU
		{9882F2CA-EE84-4FAD-968C-FAF6451B8A4A}.Debug|Any CPU.Build.0 = Debug|Any CPU
		{9882F2CA-EE84-4FAD-968C-FAF6451B8A4A}.Release|Any CPU.ActiveCfg = Release|Any CPU
		{9882F2CA-EE84-4FAD-968C-FAF6451B8A4A}.Release|Any CPU.Build.0 = Release|Any CPU
	EndGlobalSection
	GlobalSection(SolutionProperties) = preSolution
		HideSolutionNode = FALSE
	EndGlobalSection
	GlobalSection(ExtensibilityGlobals) = postSolution
		SolutionGuid = {AEAF67E4-4BF8-4174-852F-A5A90D00B6CC}
	EndGlobalSection
EndGlobal
